
Microsoft Visual Studio Solution File, Format Version 12.00
# Visual Studio 15
Project("{FAE04EC0-301F-11D3-BF4B-00C04F79EFBC}") = "SteamVR", "SteamVR.csproj", "{C9B8956B-4634-32E9-AA02-6DCB0907C5F5}"
EndProject
Project("{FAE04EC0-301F-11D3-BF4B-00C04F79EFBC}") = "VRM", "VRM.csproj", "{4653774B-6674-36E1-F48C-549B65881DE3}"
EndProject
Project("{FAE04EC0-301F-11D3-BF4B-00C04F79EFBC}") = "Assembly-CSharp", "Assembly-CSharp.csproj", "{B17C48E4-E8CE-52B0-B1BF-70EF9DC04085}"
EndProject
Project("{FAE04EC0-301F-11D3-BF4B-00C04F79EFBC}") = "UniJSON", "UniJSON.csproj", "{3A0F272D-833C-092C-F433-F389D0DCFB21}"
EndProject
Project("{FAE04EC0-301F-11D3-BF4B-00C04F79EFBC}") = "DepthFirstScheduler", "DepthFirstScheduler.csproj", "{2D8DF694-0BF7-C53A-6FE6-4536D8008F55}"
EndProject
Project("{FAE04EC0-301F-11D3-BF4B-00C04F79EFBC}") = "MToon", "MToon.csproj", "{E57BE6C6-BDF7-2782-C9A2-D9473B782382}"
EndProject
Project("{FAE04EC0-301F-11D3-BF4B-00C04F79EFBC}") = "UniHumanoid", "UniHumanoid.csproj", "{662AADD5-61F1-CD28-78BA-4CB36B1617D7}"
EndProject
Project("{FAE04EC0-301F-11D3-BF4B-00C04F79EFBC}") = "ShaderProperty.Runtime", "ShaderProperty.Runtime.csproj", "{29BB1024-15D2-0988-0D76-D496CDFFDEA1}"
EndProject
Project("{FAE04EC0-301F-11D3-BF4B-00C04F79EFBC}") = "SteamVR_Actions", "SteamVR_Actions.csproj", "{23F90F56-F8E3-B9F0-D79E-DECB57B77D98}"
EndProject
Project("{FAE04EC0-301F-11D3-BF4B-00C04F79EFBC}") = "UniUnlit", "UniUnlit.csproj", "{77980758-0FB4-E729-75C9-8C419A1EB315}"
EndProject
Project("{FAE04EC0-301F-11D3-BF4B-00C04F79EFBC}") = "UniJSON.Editor.Tests", "UniJSON.Editor.Tests.csproj", "{8176937C-A635-13A7-57CD-2CE3FC8094A4}"
EndProject
Project("{FAE04EC0-301F-11D3-BF4B-00C04F79EFBC}") = "SteamVR_Editor", "SteamVR_Editor.csproj", "{D3E76C25-1D27-5FBD-85DE-88DF70FA0277}"
EndProject
Project("{FAE04EC0-301F-11D3-BF4B-00C04F79EFBC}") = "UniVRM.Editor", "UniVRM.Editor.csproj", "{415BF335-E3C4-5B54-8E2E-4FBE1812823D}"
EndProject
Project("{FAE04EC0-301F-11D3-BF4B-00C04F79EFBC}") = "SteamVR_Input_Editor", "SteamVR_Input_Editor.csproj", "{511C534A-4D04-4B73-7BD8-4857F47A5155}"
EndProject
Project("{FAE04EC0-301F-11D3-BF4B-00C04F79EFBC}") = "UniHumanoid.Editor", "UniHumanoid.Editor.csproj", "{18C139B6-15CB-1408-3CA5-4BC0C8E504F4}"
EndProject
Project("{FAE04EC0-301F-11D3-BF4B-00C04F79EFBC}") = "UniGLTF.Editor.Tests", "UniGLTF.Editor.Tests.csproj", "{1A10819B-FC8E-1FF3-544D-78C92790B17C}"
EndProject
Project("{FAE04EC0-301F-11D3-BF4B-00C04F79EFBC}") = "UniGLTF.Editor", "UniGLTF.Editor.csproj", "{CC3CE726-1BC9-C4A8-0F2F-A41638C75F93}"
EndProject
Project("{FAE04EC0-301F-11D3-BF4B-00C04F79EFBC}") = "UniVRM.Editor.Tests", "UniVRM.Editor.Tests.csproj", "{00BD8303-B99C-6C7B-89D3-5A46306BEC78}"
EndProject
Project("{FAE04EC0-301F-11D3-BF4B-00C04F79EFBC}") = "UniUnlit.Editor", "UniUnlit.Editor.csproj", "{B8FC0AE7-C340-E45F-E392-CBE18CD84B17}"
EndProject
Project("{FAE04EC0-301F-11D3-BF4B-00C04F79EFBC}") = "ShaderProperty.Editor", "ShaderProperty.Editor.csproj", "{5FF2120A-79C7-8F83-C221-CFF8B48AFA80}"
EndProject
Project("{FAE04EC0-301F-11D3-BF4B-00C04F79EFBC}") = "MToon.Editor", "MToon.Editor.csproj", "{D34E9D65-6076-99B3-E4B8-6ABB7FCC0876}"
EndProject
Project("{FAE04EC0-301F-11D3-BF4B-00C04F79EFBC}") = "SteamVR_Windows_EditorHelper", "SteamVR_Windows_EditorHelper.csproj", "{20B899C3-3003-962C-FDA8-549D51BC277E}"
EndProject
Project("{FAE04EC0-301F-11D3-BF4B-00C04F79EFBC}") = "DepthFirstScheduler.Editor.Tests", "DepthFirstScheduler.Editor.Tests.csproj", "{F8B957ED-CCC8-2738-ED17-4E55ECF2BD6B}"
EndProject
Project("{FAE04EC0-301F-11D3-BF4B-00C04F79EFBC}") = "UniHumanoid.Editor.Tests", "UniHumanoid.Editor.Tests.csproj", "{B9E7ECCE-26E0-06CF-0936-823806FC69D4}"
EndProject
Global
	GlobalSection(SolutionConfigurationPlatforms) = preSolution
		Debug|Any CPU = Debug|Any CPU
		Release|Any CPU = Release|Any CPU
	EndGlobalSection
	GlobalSection(ProjectConfigurationPlatforms) = postSolution
		{C9B8956B-4634-32E9-AA02-6DCB0907C5F5}.Debug|Any CPU.ActiveCfg = Debug|Any CPU
		{C9B8956B-4634-32E9-AA02-6DCB0907C5F5}.Debug|Any CPU.Build.0 = Debug|Any CPU
		{C9B8956B-4634-32E9-AA02-6DCB0907C5F5}.Release|Any CPU.ActiveCfg = Release|Any CPU
		{C9B8956B-4634-32E9-AA02-6DCB0907C5F5}.Release|Any CPU.Build.0 = Release|Any CPU
		{4653774B-6674-36E1-F48C-549B65881DE3}.Debug|Any CPU.ActiveCfg = Debug|Any CPU
		{4653774B-6674-36E1-F48C-549B65881DE3}.Debug|Any CPU.Build.0 = Debug|Any CPU
		{4653774B-6674-36E1-F48C-549B65881DE3}.Release|Any CPU.ActiveCfg = Release|Any CPU
		{4653774B-6674-36E1-F48C-549B65881DE3}.Release|Any CPU.Build.0 = Release|Any CPU
		{B17C48E4-E8CE-52B0-B1BF-70EF9DC04085}.Debug|Any CPU.ActiveCfg = Debug|Any CPU
		{B17C48E4-E8CE-52B0-B1BF-70EF9DC04085}.Debug|Any CPU.Build.0 = Debug|Any CPU
		{B17C48E4-E8CE-52B0-B1BF-70EF9DC04085}.Release|Any CPU.ActiveCfg = Release|Any CPU
		{B17C48E4-E8CE-52B0-B1BF-70EF9DC04085}.Release|Any CPU.Build.0 = Release|Any CPU
		{3A0F272D-833C-092C-F433-F389D0DCFB21}.Debug|Any CPU.ActiveCfg = Debug|Any CPU
		{3A0F272D-833C-092C-F433-F389D0DCFB21}.Debug|Any CPU.Build.0 = Debug|Any CPU
		{3A0F272D-833C-092C-F433-F389D0DCFB21}.Release|Any CPU.ActiveCfg = Release|Any CPU
		{3A0F272D-833C-092C-F433-F389D0DCFB21}.Release|Any CPU.Build.0 = Release|Any CPU
		{2D8DF694-0BF7-C53A-6FE6-4536D8008F55}.Debug|Any CPU.ActiveCfg = Debug|Any CPU
		{2D8DF694-0BF7-C53A-6FE6-4536D8008F55}.Debug|Any CPU.Build.0 = Debug|Any CPU
		{2D8DF694-0BF7-C53A-6FE6-4536D8008F55}.Release|Any CPU.ActiveCfg = Release|Any CPU
		{2D8DF694-0BF7-C53A-6FE6-4536D8008F55}.Release|Any CPU.Build.0 = Release|Any CPU
		{E57BE6C6-BDF7-2782-C9A2-D9473B782382}.Debug|Any CPU.ActiveCfg = Debug|Any CPU
		{E57BE6C6-BDF7-2782-C9A2-D9473B782382}.Debug|Any CPU.Build.0 = Debug|Any CPU
		{E57BE6C6-BDF7-2782-C9A2-D9473B782382}.Release|Any CPU.ActiveCfg = Release|Any CPU
		{E57BE6C6-BDF7-2782-C9A2-D9473B782382}.Release|Any CPU.Build.0 = Release|Any CPU
		{662AADD5-61F1-CD28-78BA-4CB36B1617D7}.Debug|Any CPU.ActiveCfg = Debug|Any CPU
		{662AADD5-61F1-CD28-78BA-4CB36B1617D7}.Debug|Any CPU.Build.0 = Debug|Any CPU
		{662AADD5-61F1-CD28-78BA-4CB36B1617D7}.Release|Any CPU.ActiveCfg = Release|Any CPU
		{662AADD5-61F1-CD28-78BA-4CB36B1617D7}.Release|Any CPU.Build.0 = Release|Any CPU
		{29BB1024-15D2-0988-0D76-D496CDFFDEA1}.Debug|Any CPU.ActiveCfg = Debug|Any CPU
		{29BB1024-15D2-0988-0D76-D496CDFFDEA1}.Debug|Any CPU.Build.0 = Debug|Any CPU
		{29BB1024-15D2-0988-0D76-D496CDFFDEA1}.Release|Any CPU.ActiveCfg = Release|Any CPU
		{29BB1024-15D2-0988-0D76-D496CDFFDEA1}.Release|Any CPU.Build.0 = Release|Any CPU
		{23F90F56-F8E3-B9F0-D79E-DECB57B77D98}.Debug|Any CPU.ActiveCfg = Debug|Any CPU
		{23F90F56-F8E3-B9F0-D79E-DECB57B77D98}.Debug|Any CPU.Build.0 = Debug|Any CPU
		{23F90F56-F8E3-B9F0-D79E-DECB57B77D98}.Release|Any CPU.ActiveCfg = Release|Any CPU
		{23F90F56-F8E3-B9F0-D79E-DECB57B77D98}.Release|Any CPU.Build.0 = Release|Any CPU
		{77980758-0FB4-E729-75C9-8C419A1EB315}.Debug|Any CPU.ActiveCfg = Debug|Any CPU
		{77980758-0FB4-E729-75C9-8C419A1EB315}.Debug|Any CPU.Build.0 = Debug|Any CPU
		{77980758-0FB4-E729-75C9-8C419A1EB315}.Release|Any CPU.ActiveCfg = Release|Any CPU
		{77980758-0FB4-E729-75C9-8C419A1EB315}.Release|Any CPU.Build.0 = Release|Any CPU
		{8176937C-A635-13A7-57CD-2CE3FC8094A4}.Debug|Any CPU.ActiveCfg = Debug|Any CPU
		{8176937C-A635-13A7-57CD-2CE3FC8094A4}.Debug|Any CPU.Build.0 = Debug|Any CPU
		{8176937C-A635-13A7-57CD-2CE3FC8094A4}.Release|Any CPU.ActiveCfg = Release|Any CPU
		{8176937C-A635-13A7-57CD-2CE3FC8094A4}.Release|Any CPU.Build.0 = Release|Any CPU
		{D3E76C25-1D27-5FBD-85DE-88DF70FA0277}.Debug|Any CPU.ActiveCfg = Debug|Any CPU
		{D3E76C25-1D27-5FBD-85DE-88DF70FA0277}.Debug|Any CPU.Build.0 = Debug|Any CPU
		{D3E76C25-1D27-5FBD-85DE-88DF70FA0277}.Release|Any CPU.ActiveCfg = Release|Any CPU
		{D3E76C25-1D27-5FBD-85DE-88DF70FA0277}.Release|Any CPU.Build.0 = Release|Any CPU
		{415BF335-E3C4-5B54-8E2E-4FBE1812823D}.Debug|Any CPU.ActiveCfg = Debug|Any CPU
		{415BF335-E3C4-5B54-8E2E-4FBE1812823D}.Debug|Any CPU.Build.0 = Debug|Any CPU
		{415BF335-E3C4-5B54-8E2E-4FBE1812823D}.Release|Any CPU.ActiveCfg = Release|Any CPU
		{415BF335-E3C4-5B54-8E2E-4FBE1812823D}.Release|Any CPU.Build.0 = Release|Any CPU
		{511C534A-4D04-4B73-7BD8-4857F47A5155}.Debug|Any CPU.ActiveCfg = Debug|Any CPU
		{511C534A-4D04-4B73-7BD8-4857F47A5155}.Debug|Any CPU.Build.0 = Debug|Any CPU
		{511C534A-4D04-4B73-7BD8-4857F47A5155}.Release|Any CPU.ActiveCfg = Release|Any CPU
		{511C534A-4D04-4B73-7BD8-4857F47A5155}.Release|Any CPU.Build.0 = Release|Any CPU
		{18C139B6-15CB-1408-3CA5-4BC0C8E504F4}.Debug|Any CPU.ActiveCfg = Debug|Any CPU
		{18C139B6-15CB-1408-3CA5-4BC0C8E504F4}.Debug|Any CPU.Build.0 = Debug|Any CPU
		{18C139B6-15CB-1408-3CA5-4BC0C8E504F4}.Release|Any CPU.ActiveCfg = Release|Any CPU
		{18C139B6-15CB-1408-3CA5-4BC0C8E504F4}.Release|Any CPU.Build.0 = Release|Any CPU
		{1A10819B-FC8E-1FF3-544D-78C92790B17C}.Debug|Any CPU.ActiveCfg = Debug|Any CPU
		{1A10819B-FC8E-1FF3-544D-78C92790B17C}.Debug|Any CPU.Build.0 = Debug|Any CPU
		{1A10819B-FC8E-1FF3-544D-78C92790B17C}.Release|Any CPU.ActiveCfg = Release|Any CPU
		{1A10819B-FC8E-1FF3-544D-78C92790B17C}.Release|Any CPU.Build.0 = Release|Any CPU
		{CC3CE726-1BC9-C4A8-0F2F-A41638C75F93}.Debug|Any CPU.ActiveCfg = Debug|Any CPU
		{CC3CE726-1BC9-C4A8-0F2F-A41638C75F93}.Debug|Any CPU.Build.0 = Debug|Any CPU
		{CC3CE726-1BC9-C4A8-0F2F-A41638C75F93}.Release|Any CPU.ActiveCfg = Release|Any CPU
		{CC3CE726-1BC9-C4A8-0F2F-A41638C75F93}.Release|Any CPU.Build.0 = Release|Any CPU
		{00BD8303-B99C-6C7B-89D3-5A46306BEC78}.Debug|Any CPU.ActiveCfg = Debug|Any CPU
		{00BD8303-B99C-6C7B-89D3-5A46306BEC78}.Debug|Any CPU.Build.0 = Debug|Any CPU
		{00BD8303-B99C-6C7B-89D3-5A46306BEC78}.Release|Any CPU.ActiveCfg = Release|Any CPU
		{00BD8303-B99C-6C7B-89D3-5A46306BEC78}.Release|Any CPU.Build.0 = Release|Any CPU
		{B8FC0AE7-C340-E45F-E392-CBE18CD84B17}.Debug|Any CPU.ActiveCfg = Debug|Any CPU
		{B8FC0AE7-C340-E45F-E392-CBE18CD84B17}.Debug|Any CPU.Build.0 = Debug|Any CPU
		{B8FC0AE7-C340-E45F-E392-CBE18CD84B17}.Release|Any CPU.ActiveCfg = Release|Any CPU
		{B8FC0AE7-C340-E45F-E392-CBE18CD84B17}.Release|Any CPU.Build.0 = Release|Any CPU
		{5FF2120A-79C7-8F83-C221-CFF8B48AFA80}.Debug|Any CPU.ActiveCfg = Debug|Any CPU
		{5FF2120A-79C7-8F83-C221-CFF8B48AFA80}.Debug|Any CPU.Build.0 = Debug|Any CPU
		{5FF2120A-79C7-8F83-C221-CFF8B48AFA80}.Release|Any CPU.ActiveCfg = Release|Any CPU
		{5FF2120A-79C7-8F83-C221-CFF8B48AFA80}.Release|Any CPU.Build.0 = Release|Any CPU
		{D34E9D65-6076-99B3-E4B8-6ABB7FCC0876}.Debug|Any CPU.ActiveCfg = Debug|Any CPU
		{D34E9D65-6076-99B3-E4B8-6ABB7FCC0876}.Debug|Any CPU.Build.0 = Debug|Any CPU
		{D34E9D65-6076-99B3-E4B8-6ABB7FCC0876}.Release|Any CPU.ActiveCfg = Release|Any CPU
		{D34E9D65-6076-99B3-E4B8-6ABB7FCC0876}.Release|Any CPU.Build.0 = Release|Any CPU
		{20B899C3-3003-962C-FDA8-549D51BC277E}.Debug|Any CPU.ActiveCfg = Debug|Any CPU
		{20B899C3-3003-962C-FDA8-549D51BC277E}.Debug|Any CPU.Build.0 = Debug|Any CPU
		{20B899C3-3003-962C-FDA8-549D51BC277E}.Release|Any CPU.ActiveCfg = Release|Any CPU
		{20B899C3-3003-962C-FDA8-549D51BC277E}.Release|Any CPU.Build.0 = Release|Any CPU
		{F8B957ED-CCC8-2738-ED17-4E55ECF2BD6B}.Debug|Any CPU.ActiveCfg = Debug|Any CPU
		{F8B957ED-CCC8-2738-ED17-4E55ECF2BD6B}.Debug|Any CPU.Build.0 = Debug|Any CPU
		{F8B957ED-CCC8-2738-ED17-4E55ECF2BD6B}.Release|Any CPU.ActiveCfg = Release|Any CPU
		{F8B957ED-CCC8-2738-ED17-4E55ECF2BD6B}.Release|Any CPU.Build.0 = Release|Any CPU
		{B9E7ECCE-26E0-06CF-0936-823806FC69D4}.Debug|Any CPU.ActiveCfg = Debug|Any CPU
		{B9E7ECCE-26E0-06CF-0936-823806FC69D4}.Debug|Any CPU.Build.0 = Debug|Any CPU
		{B9E7ECCE-26E0-06CF-0936-823806FC69D4}.Release|Any CPU.ActiveCfg = Release|Any CPU
		{B9E7ECCE-26E0-06CF-0936-823806FC69D4}.Release|Any CPU.Build.0 = Release|Any CPU
	EndGlobalSection
	GlobalSection(SolutionProperties) = preSolution
		HideSolutionNode = FALSE
	EndGlobalSection
EndGlobal
