
Microsoft Visual Studio Solution File, Format Version 12.00
# Visual Studio 15
Project("{FAE04EC0-301F-11D3-BF4B-00C04F79EFBC}") = "SteamVR", "SteamVR.csproj", "{62F82E23-2ADA-48B0-FDDC-FA12061BB6AD}"
EndProject
Project("{FAE04EC0-301F-11D3-BF4B-00C04F79EFBC}") = "VRM", "VRM.csproj", "{59224CCC-F19E-ACCE-9461-3A6E150310E8}"
EndProject
Project("{FAE04EC0-301F-11D3-BF4B-00C04F79EFBC}") = "Assembly-CSharp", "Assembly-CSharp.csproj", "{ACD1BF9C-224B-E96B-3E78-216A24EF6FBB}"
EndProject
Project("{FAE04EC0-301F-11D3-BF4B-00C04F79EFBC}") = "UniJSON", "UniJSON.csproj", "{DB9DF7B8-A407-939B-7993-B0182C115BA1}"
EndProject
Project("{FAE04EC0-301F-11D3-BF4B-00C04F79EFBC}") = "DepthFirstScheduler", "DepthFirstScheduler.csproj", "{A4F99528-190A-CB8B-CD10-5862F1F8B5DB}"
EndProject
Project("{FAE04EC0-301F-11D3-BF4B-00C04F79EFBC}") = "MToon", "MToon.csproj", "{81F61A44-1B81-4D01-49BE-EDC58496E56F}"
EndProject
Project("{FAE04EC0-301F-11D3-BF4B-00C04F79EFBC}") = "UniHumanoid", "UniHumanoid.csproj", "{8CA7D983-1BC3-252F-DEBE-4415CF9DD66D}"
EndProject
Project("{FAE04EC0-301F-11D3-BF4B-00C04F79EFBC}") = "ShaderProperty.Runtime", "ShaderProperty.Runtime.csproj", "{909F6241-4AD2-B287-963A-7F8310DBA635}"
EndProject
Project("{FAE04EC0-301F-11D3-BF4B-00C04F79EFBC}") = "SteamVR_Actions", "SteamVR_Actions.csproj", "{31EA4BC2-680E-8F0E-2638-6F91570ECEE3}"
EndProject
Project("{FAE04EC0-301F-11D3-BF4B-00C04F79EFBC}") = "UniUnlit", "UniUnlit.csproj", "{4B03EAAF-7A6D-57CE-1C99-C1DD9D06DB47}"
EndProject
Project("{FAE04EC0-301F-11D3-BF4B-00C04F79EFBC}") = "UniJSON.Editor.Tests", "UniJSON.Editor.Tests.csproj", "{61067300-FAB0-CF27-7852-C2A83713E7F8}"
EndProject
Project("{FAE04EC0-301F-11D3-BF4B-00C04F79EFBC}") = "SteamVR_Editor", "SteamVR_Editor.csproj", "{A177BFEC-8E65-F98B-5061-6C1241187759}"
EndProject
Project("{FAE04EC0-301F-11D3-BF4B-00C04F79EFBC}") = "UniVRM.Editor", "UniVRM.Editor.csproj", "{8937F2F5-3BA9-6EE7-EF4F-F9D2C339DB88}"
EndProject
Project("{FAE04EC0-301F-11D3-BF4B-00C04F79EFBC}") = "SteamVR_Input_Editor", "SteamVR_Input_Editor.csproj", "{E2A20D4B-B6F7-783E-40F4-7E5D15EA3C55}"
EndProject
Project("{FAE04EC0-301F-11D3-BF4B-00C04F79EFBC}") = "UniHumanoid.Editor", "UniHumanoid.Editor.csproj", "{1754A0E2-8CD6-249F-386A-E9558B87C5E9}"
EndProject
Project("{FAE04EC0-301F-11D3-BF4B-00C04F79EFBC}") = "UniGLTF.Editor.Tests", "UniGLTF.Editor.Tests.csproj", "{20FEF73C-C189-47BB-A70C-1E9F0480CD7A}"
EndProject
Project("{FAE04EC0-301F-11D3-BF4B-00C04F79EFBC}") = "UniGLTF.Editor", "UniGLTF.Editor.csproj", "{F2FE746F-0C93-60C1-E46F-7D21D2015F32}"
EndProject
Project("{FAE04EC0-301F-11D3-BF4B-00C04F79EFBC}") = "UniVRM.Editor.Tests", "UniVRM.Editor.Tests.csproj", "{624DE7ED-851B-9904-A5FE-3AAF3792261B}"
EndProject
Project("{FAE04EC0-301F-11D3-BF4B-00C04F79EFBC}") = "UniUnlit.Editor", "UniUnlit.Editor.csproj", "{1BFE423C-6ACA-6CD1-9DAE-D97E98EA6AD1}"
EndProject
Project("{FAE04EC0-301F-11D3-BF4B-00C04F79EFBC}") = "ShaderProperty.Editor", "ShaderProperty.Editor.csproj", "{910EA272-4521-0685-4A58-EDB13F24FDAC}"
EndProject
Project("{FAE04EC0-301F-11D3-BF4B-00C04F79EFBC}") = "MToon.Editor", "MToon.Editor.csproj", "{FB32AB6B-DB53-0645-B3BE-2E7F743E9EB8}"
EndProject
Project("{FAE04EC0-301F-11D3-BF4B-00C04F79EFBC}") = "SteamVR_Windows_EditorHelper", "SteamVR_Windows_EditorHelper.csproj", "{724F1F61-F524-462A-B37B-EB858DC44792}"
EndProject
Project("{FAE04EC0-301F-11D3-BF4B-00C04F79EFBC}") = "DepthFirstScheduler.Editor.Tests", "DepthFirstScheduler.Editor.Tests.csproj", "{7224A88F-E0D2-9F40-2B23-C03C9801106B}"
EndProject
Project("{FAE04EC0-301F-11D3-BF4B-00C04F79EFBC}") = "UniHumanoid.Editor.Tests", "UniHumanoid.Editor.Tests.csproj", "{AA06E24E-3361-BE3E-5EF8-F4418CB179E6}"
EndProject
Global
	GlobalSection(SolutionConfigurationPlatforms) = preSolution
		Debug|Any CPU = Debug|Any CPU
		Release|Any CPU = Release|Any CPU
	EndGlobalSection
	GlobalSection(ProjectConfigurationPlatforms) = postSolution
		{62F82E23-2ADA-48B0-FDDC-FA12061BB6AD}.Debug|Any CPU.ActiveCfg = Debug|Any CPU
		{62F82E23-2ADA-48B0-FDDC-FA12061BB6AD}.Debug|Any CPU.Build.0 = Debug|Any CPU
		{62F82E23-2ADA-48B0-FDDC-FA12061BB6AD}.Release|Any CPU.ActiveCfg = Release|Any CPU
		{62F82E23-2ADA-48B0-FDDC-FA12061BB6AD}.Release|Any CPU.Build.0 = Release|Any CPU
		{59224CCC-F19E-ACCE-9461-3A6E150310E8}.Debug|Any CPU.ActiveCfg = Debug|Any CPU
		{59224CCC-F19E-ACCE-9461-3A6E150310E8}.Debug|Any CPU.Build.0 = Debug|Any CPU
		{59224CCC-F19E-ACCE-9461-3A6E150310E8}.Release|Any CPU.ActiveCfg = Release|Any CPU
		{59224CCC-F19E-ACCE-9461-3A6E150310E8}.Release|Any CPU.Build.0 = Release|Any CPU
		{ACD1BF9C-224B-E96B-3E78-216A24EF6FBB}.Debug|Any CPU.ActiveCfg = Debug|Any CPU
		{ACD1BF9C-224B-E96B-3E78-216A24EF6FBB}.Debug|Any CPU.Build.0 = Debug|Any CPU
		{ACD1BF9C-224B-E96B-3E78-216A24EF6FBB}.Release|Any CPU.ActiveCfg = Release|Any CPU
		{ACD1BF9C-224B-E96B-3E78-216A24EF6FBB}.Release|Any CPU.Build.0 = Release|Any CPU
		{DB9DF7B8-A407-939B-7993-B0182C115BA1}.Debug|Any CPU.ActiveCfg = Debug|Any CPU
		{DB9DF7B8-A407-939B-7993-B0182C115BA1}.Debug|Any CPU.Build.0 = Debug|Any CPU
		{DB9DF7B8-A407-939B-7993-B0182C115BA1}.Release|Any CPU.ActiveCfg = Release|Any CPU
		{DB9DF7B8-A407-939B-7993-B0182C115BA1}.Release|Any CPU.Build.0 = Release|Any CPU
		{A4F99528-190A-CB8B-CD10-5862F1F8B5DB}.Debug|Any CPU.ActiveCfg = Debug|Any CPU
		{A4F99528-190A-CB8B-CD10-5862F1F8B5DB}.Debug|Any CPU.Build.0 = Debug|Any CPU
		{A4F99528-190A-CB8B-CD10-5862F1F8B5DB}.Release|Any CPU.ActiveCfg = Release|Any CPU
		{A4F99528-190A-CB8B-CD10-5862F1F8B5DB}.Release|Any CPU.Build.0 = Release|Any CPU
		{81F61A44-1B81-4D01-49BE-EDC58496E56F}.Debug|Any CPU.ActiveCfg = Debug|Any CPU
		{81F61A44-1B81-4D01-49BE-EDC58496E56F}.Debug|Any CPU.Build.0 = Debug|Any CPU
		{81F61A44-1B81-4D01-49BE-EDC58496E56F}.Release|Any CPU.ActiveCfg = Release|Any CPU
		{81F61A44-1B81-4D01-49BE-EDC58496E56F}.Release|Any CPU.Build.0 = Release|Any CPU
		{8CA7D983-1BC3-252F-DEBE-4415CF9DD66D}.Debug|Any CPU.ActiveCfg = Debug|Any CPU
		{8CA7D983-1BC3-252F-DEBE-4415CF9DD66D}.Debug|Any CPU.Build.0 = Debug|Any CPU
		{8CA7D983-1BC3-252F-DEBE-4415CF9DD66D}.Release|Any CPU.ActiveCfg = Release|Any CPU
		{8CA7D983-1BC3-252F-DEBE-4415CF9DD66D}.Release|Any CPU.Build.0 = Release|Any CPU
		{909F6241-4AD2-B287-963A-7F8310DBA635}.Debug|Any CPU.ActiveCfg = Debug|Any CPU
		{909F6241-4AD2-B287-963A-7F8310DBA635}.Debug|Any CPU.Build.0 = Debug|Any CPU
		{909F6241-4AD2-B287-963A-7F8310DBA635}.Release|Any CPU.ActiveCfg = Release|Any CPU
		{909F6241-4AD2-B287-963A-7F8310DBA635}.Release|Any CPU.Build.0 = Release|Any CPU
		{31EA4BC2-680E-8F0E-2638-6F91570ECEE3}.Debug|Any CPU.ActiveCfg = Debug|Any CPU
		{31EA4BC2-680E-8F0E-2638-6F91570ECEE3}.Debug|Any CPU.Build.0 = Debug|Any CPU
		{31EA4BC2-680E-8F0E-2638-6F91570ECEE3}.Release|Any CPU.ActiveCfg = Release|Any CPU
		{31EA4BC2-680E-8F0E-2638-6F91570ECEE3}.Release|Any CPU.Build.0 = Release|Any CPU
		{4B03EAAF-7A6D-57CE-1C99-C1DD9D06DB47}.Debug|Any CPU.ActiveCfg = Debug|Any CPU
		{4B03EAAF-7A6D-57CE-1C99-C1DD9D06DB47}.Debug|Any CPU.Build.0 = Debug|Any CPU
		{4B03EAAF-7A6D-57CE-1C99-C1DD9D06DB47}.Release|Any CPU.ActiveCfg = Release|Any CPU
		{4B03EAAF-7A6D-57CE-1C99-C1DD9D06DB47}.Release|Any CPU.Build.0 = Release|Any CPU
		{61067300-FAB0-CF27-7852-C2A83713E7F8}.Debug|Any CPU.ActiveCfg = Debug|Any CPU
		{61067300-FAB0-CF27-7852-C2A83713E7F8}.Debug|Any CPU.Build.0 = Debug|Any CPU
		{61067300-FAB0-CF27-7852-C2A83713E7F8}.Release|Any CPU.ActiveCfg = Release|Any CPU
		{61067300-FAB0-CF27-7852-C2A83713E7F8}.Release|Any CPU.Build.0 = Release|Any CPU
		{A177BFEC-8E65-F98B-5061-6C1241187759}.Debug|Any CPU.ActiveCfg = Debug|Any CPU
		{A177BFEC-8E65-F98B-5061-6C1241187759}.Debug|Any CPU.Build.0 = Debug|Any CPU
		{A177BFEC-8E65-F98B-5061-6C1241187759}.Release|Any CPU.ActiveCfg = Release|Any CPU
		{A177BFEC-8E65-F98B-5061-6C1241187759}.Release|Any CPU.Build.0 = Release|Any CPU
		{8937F2F5-3BA9-6EE7-EF4F-F9D2C339DB88}.Debug|Any CPU.ActiveCfg = Debug|Any CPU
		{8937F2F5-3BA9-6EE7-EF4F-F9D2C339DB88}.Debug|Any CPU.Build.0 = Debug|Any CPU
		{8937F2F5-3BA9-6EE7-EF4F-F9D2C339DB88}.Release|Any CPU.ActiveCfg = Release|Any CPU
		{8937F2F5-3BA9-6EE7-EF4F-F9D2C339DB88}.Release|Any CPU.Build.0 = Release|Any CPU
		{E2A20D4B-B6F7-783E-40F4-7E5D15EA3C55}.Debug|Any CPU.ActiveCfg = Debug|Any CPU
		{E2A20D4B-B6F7-783E-40F4-7E5D15EA3C55}.Debug|Any CPU.Build.0 = Debug|Any CPU
		{E2A20D4B-B6F7-783E-40F4-7E5D15EA3C55}.Release|Any CPU.ActiveCfg = Release|Any CPU
		{E2A20D4B-B6F7-783E-40F4-7E5D15EA3C55}.Release|Any CPU.Build.0 = Release|Any CPU
		{1754A0E2-8CD6-249F-386A-E9558B87C5E9}.Debug|Any CPU.ActiveCfg = Debug|Any CPU
		{1754A0E2-8CD6-249F-386A-E9558B87C5E9}.Debug|Any CPU.Build.0 = Debug|Any CPU
		{1754A0E2-8CD6-249F-386A-E9558B87C5E9}.Release|Any CPU.ActiveCfg = Release|Any CPU
		{1754A0E2-8CD6-249F-386A-E9558B87C5E9}.Release|Any CPU.Build.0 = Release|Any CPU
		{20FEF73C-C189-47BB-A70C-1E9F0480CD7A}.Debug|Any CPU.ActiveCfg = Debug|Any CPU
		{20FEF73C-C189-47BB-A70C-1E9F0480CD7A}.Debug|Any CPU.Build.0 = Debug|Any CPU
		{20FEF73C-C189-47BB-A70C-1E9F0480CD7A}.Release|Any CPU.ActiveCfg = Release|Any CPU
		{20FEF73C-C189-47BB-A70C-1E9F0480CD7A}.Release|Any CPU.Build.0 = Release|Any CPU
		{F2FE746F-0C93-60C1-E46F-7D21D2015F32}.Debug|Any CPU.ActiveCfg = Debug|Any CPU
		{F2FE746F-0C93-60C1-E46F-7D21D2015F32}.Debug|Any CPU.Build.0 = Debug|Any CPU
		{F2FE746F-0C93-60C1-E46F-7D21D2015F32}.Release|Any CPU.ActiveCfg = Release|Any CPU
		{F2FE746F-0C93-60C1-E46F-7D21D2015F32}.Release|Any CPU.Build.0 = Release|Any CPU
		{624DE7ED-851B-9904-A5FE-3AAF3792261B}.Debug|Any CPU.ActiveCfg = Debug|Any CPU
		{624DE7ED-851B-9904-A5FE-3AAF3792261B}.Debug|Any CPU.Build.0 = Debug|Any CPU
		{624DE7ED-851B-9904-A5FE-3AAF3792261B}.Release|Any CPU.ActiveCfg = Release|Any CPU
		{624DE7ED-851B-9904-A5FE-3AAF3792261B}.Release|Any CPU.Build.0 = Release|Any CPU
		{1BFE423C-6ACA-6CD1-9DAE-D97E98EA6AD1}.Debug|Any CPU.ActiveCfg = Debug|Any CPU
		{1BFE423C-6ACA-6CD1-9DAE-D97E98EA6AD1}.Debug|Any CPU.Build.0 = Debug|Any CPU
		{1BFE423C-6ACA-6CD1-9DAE-D97E98EA6AD1}.Release|Any CPU.ActiveCfg = Release|Any CPU
		{1BFE423C-6ACA-6CD1-9DAE-D97E98EA6AD1}.Release|Any CPU.Build.0 = Release|Any CPU
		{910EA272-4521-0685-4A58-EDB13F24FDAC}.Debug|Any CPU.ActiveCfg = Debug|Any CPU
		{910EA272-4521-0685-4A58-EDB13F24FDAC}.Debug|Any CPU.Build.0 = Debug|Any CPU
		{910EA272-4521-0685-4A58-EDB13F24FDAC}.Release|Any CPU.ActiveCfg = Release|Any CPU
		{910EA272-4521-0685-4A58-EDB13F24FDAC}.Release|Any CPU.Build.0 = Release|Any CPU
		{FB32AB6B-DB53-0645-B3BE-2E7F743E9EB8}.Debug|Any CPU.ActiveCfg = Debug|Any CPU
		{FB32AB6B-DB53-0645-B3BE-2E7F743E9EB8}.Debug|Any CPU.Build.0 = Debug|Any CPU
		{FB32AB6B-DB53-0645-B3BE-2E7F743E9EB8}.Release|Any CPU.ActiveCfg = Release|Any CPU
		{FB32AB6B-DB53-0645-B3BE-2E7F743E9EB8}.Release|Any CPU.Build.0 = Release|Any CPU
		{724F1F61-F524-462A-B37B-EB858DC44792}.Debug|Any CPU.ActiveCfg = Debug|Any CPU
		{724F1F61-F524-462A-B37B-EB858DC44792}.Debug|Any CPU.Build.0 = Debug|Any CPU
		{724F1F61-F524-462A-B37B-EB858DC44792}.Release|Any CPU.ActiveCfg = Release|Any CPU
		{724F1F61-F524-462A-B37B-EB858DC44792}.Release|Any CPU.Build.0 = Release|Any CPU
		{7224A88F-E0D2-9F40-2B23-C03C9801106B}.Debug|Any CPU.ActiveCfg = Debug|Any CPU
		{7224A88F-E0D2-9F40-2B23-C03C9801106B}.Debug|Any CPU.Build.0 = Debug|Any CPU
		{7224A88F-E0D2-9F40-2B23-C03C9801106B}.Release|Any CPU.ActiveCfg = Release|Any CPU
		{7224A88F-E0D2-9F40-2B23-C03C9801106B}.Release|Any CPU.Build.0 = Release|Any CPU
		{AA06E24E-3361-BE3E-5EF8-F4418CB179E6}.Debug|Any CPU.ActiveCfg = Debug|Any CPU
		{AA06E24E-3361-BE3E-5EF8-F4418CB179E6}.Debug|Any CPU.Build.0 = Debug|Any CPU
		{AA06E24E-3361-BE3E-5EF8-F4418CB179E6}.Release|Any CPU.ActiveCfg = Release|Any CPU
		{AA06E24E-3361-BE3E-5EF8-F4418CB179E6}.Release|Any CPU.Build.0 = Release|Any CPU
	EndGlobalSection
	GlobalSection(SolutionProperties) = preSolution
		HideSolutionNode = FALSE
	EndGlobalSection
EndGlobal
